
Microsoft Visual Studio Solution File, Format Version 12.00
# Visual Studio 2013
VisualStudioVersion = 12.0.31101.0
MinimumVisualStudioVersion = 10.0.40219.1
Project("{FAE04EC0-301F-11D3-BF4B-00C04F79EFBC}") = "zadanie1", "zadanie1\zadanie1.csproj", "{4C980C72-7282-4AFE-83B5-1B3767D972AD}"
EndProject
Project("{FAE04EC0-301F-11D3-BF4B-00C04F79EFBC}") = "Entity_Framework_example", "Entity_Framework_example\Entity_Framework_example.csproj", "{5ADF2583-B31A-4C57-ABA8-49421FAA7414}"
EndProject
Project("{FAE04EC0-301F-11D3-BF4B-00C04F79EFBC}") = "Cukiernia_EF", "Cukiernia_EF\Cukiernia_EF.csproj", "{176D17A1-CA89-4E36-AFCD-76A2BC279638}"
EndProject
Project("{FAE04EC0-301F-11D3-BF4B-00C04F79EFBC}") = "Ef_test", "Ef_test\Ef_test.csproj", "{15C8AE8D-9FC2-4F05-BB9C-EE7A6B45CB8A}"
EndProject
Project("{FAE04EC0-301F-11D3-BF4B-00C04F79EFBC}") = "Zajecia03_wf", "Zajecia03_wf\Zajecia03_wf.csproj", "{A833A759-687C-46D5-AE63-0F61FA64B9A6}"
EndProject
Project("{FAE04EC0-301F-11D3-BF4B-00C04F79EFBC}") = "EF_InheritanceDesigner", "EF_InheritanceDesigner\EF_InheritanceDesigner.csproj", "{92E087AE-81AD-44F5-930E-DD84EA0AFA49}"
EndProject
Project("{FAE04EC0-301F-11D3-BF4B-00C04F79EFBC}") = "EF_InheritanceCodeFirst", "EF_InheritanceCodeFirst\EF_InheritanceCodeFirst.csproj", "{CBD52BEC-3F24-41FB-BDDD-CD296457FB1E}"
EndProject
Project("{FAE04EC0-301F-11D3-BF4B-00C04F79EFBC}") = "zaj04", "zaj04\zaj04.csproj", "{C135AAF0-CEBC-4D9E-9445-5200BB7691B0}"
EndProject
Global
	GlobalSection(SolutionConfigurationPlatforms) = preSolution
		Debug|Any CPU = Debug|Any CPU
		Release|Any CPU = Release|Any CPU
	EndGlobalSection
	GlobalSection(ProjectConfigurationPlatforms) = postSolution
		{4C980C72-7282-4AFE-83B5-1B3767D972AD}.Debug|Any CPU.ActiveCfg = Debug|Any CPU
		{4C980C72-7282-4AFE-83B5-1B3767D972AD}.Debug|Any CPU.Build.0 = Debug|Any CPU
		{4C980C72-7282-4AFE-83B5-1B3767D972AD}.Release|Any CPU.ActiveCfg = Release|Any CPU
		{4C980C72-7282-4AFE-83B5-1B3767D972AD}.Release|Any CPU.Build.0 = Release|Any CPU
		{5ADF2583-B31A-4C57-ABA8-49421FAA7414}.Debug|Any CPU.ActiveCfg = Debug|Any CPU
		{5ADF2583-B31A-4C57-ABA8-49421FAA7414}.Debug|Any CPU.Build.0 = Debug|Any CPU
		{5ADF2583-B31A-4C57-ABA8-49421FAA7414}.Release|Any CPU.ActiveCfg = Release|Any CPU
		{5ADF2583-B31A-4C57-ABA8-49421FAA7414}.Release|Any CPU.Build.0 = Release|Any CPU
		{176D17A1-CA89-4E36-AFCD-76A2BC279638}.Debug|Any CPU.ActiveCfg = Debug|Any CPU
		{176D17A1-CA89-4E36-AFCD-76A2BC279638}.Debug|Any CPU.Build.0 = Debug|Any CPU
		{176D17A1-CA89-4E36-AFCD-76A2BC279638}.Release|Any CPU.ActiveCfg = Release|Any CPU
		{176D17A1-CA89-4E36-AFCD-76A2BC279638}.Release|Any CPU.Build.0 = Release|Any CPU
		{15C8AE8D-9FC2-4F05-BB9C-EE7A6B45CB8A}.Debug|Any CPU.ActiveCfg = Debug|Any CPU
		{15C8AE8D-9FC2-4F05-BB9C-EE7A6B45CB8A}.Debug|Any CPU.Build.0 = Debug|Any CPU
		{15C8AE8D-9FC2-4F05-BB9C-EE7A6B45CB8A}.Release|Any CPU.ActiveCfg = Release|Any CPU
		{15C8AE8D-9FC2-4F05-BB9C-EE7A6B45CB8A}.Release|Any CPU.Build.0 = Release|Any CPU
		{A833A759-687C-46D5-AE63-0F61FA64B9A6}.Debug|Any CPU.ActiveCfg = Debug|Any CPU
		{A833A759-687C-46D5-AE63-0F61FA64B9A6}.Debug|Any CPU.Build.0 = Debug|Any CPU
		{A833A759-687C-46D5-AE63-0F61FA64B9A6}.Release|Any CPU.ActiveCfg = Release|Any CPU
		{A833A759-687C-46D5-AE63-0F61FA64B9A6}.Release|Any CPU.Build.0 = Release|Any CPU
		{92E087AE-81AD-44F5-930E-DD84EA0AFA49}.Debug|Any CPU.ActiveCfg = Debug|Any CPU
		{92E087AE-81AD-44F5-930E-DD84EA0AFA49}.Debug|Any CPU.Build.0 = Debug|Any CPU
		{92E087AE-81AD-44F5-930E-DD84EA0AFA49}.Release|Any CPU.ActiveCfg = Release|Any CPU
		{92E087AE-81AD-44F5-930E-DD84EA0AFA49}.Release|Any CPU.Build.0 = Release|Any CPU
		{CBD52BEC-3F24-41FB-BDDD-CD296457FB1E}.Debug|Any CPU.ActiveCfg = Debug|Any CPU
		{CBD52BEC-3F24-41FB-BDDD-CD296457FB1E}.Debug|Any CPU.Build.0 = Debug|Any CPU
		{CBD52BEC-3F24-41FB-BDDD-CD296457FB1E}.Release|Any CPU.ActiveCfg = Release|Any CPU
		{CBD52BEC-3F24-41FB-BDDD-CD296457FB1E}.Release|Any CPU.Build.0 = Release|Any CPU
		{C135AAF0-CEBC-4D9E-9445-5200BB7691B0}.Debug|Any CPU.ActiveCfg = Debug|Any CPU
		{C135AAF0-CEBC-4D9E-9445-5200BB7691B0}.Debug|Any CPU.Build.0 = Debug|Any CPU
		{C135AAF0-CEBC-4D9E-9445-5200BB7691B0}.Release|Any CPU.ActiveCfg = Release|Any CPU
		{C135AAF0-CEBC-4D9E-9445-5200BB7691B0}.Release|Any CPU.Build.0 = Release|Any CPU
	EndGlobalSection
	GlobalSection(SolutionProperties) = preSolution
		HideSolutionNode = FALSE
	EndGlobalSection
EndGlobal
